<?xml version="1.0" encoding="utf-8"?>
<Project ToolsVersion="4.0" xmlns="http://schemas.microsoft.com/developer/msbuild/2003">
  <ItemGroup>
    <Filter Include="源文件">
      <UniqueIdentifier>{4FC737F1-C7A5-4376-A066-2A32D752A2FF}</UniqueIdentifier>
      <Extensions>cpp;c;cc;cxx;c++;cppm;ixx;def;odl;idl;hpj;bat;asm;asmx</Extensions>
    </Filter>
    <Filter Include="头文件">
      <UniqueIdentifier>{93995380-89BD-4b04-88EB-625FBE52EBFB}</UniqueIdentifier>
      <Extensions>h;hh;hpp;hxx;h++;hm;inl;inc;ipp;xsd</Extensions>
    </Filter>
    <Filter Include="资源文件">
      <UniqueIdentifier>{67DA6AB6-F800-4c08-8B7A-83BB121AAD01}</UniqueIdentifier>
      <Extensions>rc;ico;cur;bmp;dlg;rc2;rct;bin;rgs;gif;jpg;jpeg;jpe;resx;tiff;tif;png;wav;mfcribbon-ms</Extensions>
    </Filter>
    <Filter Include="头文件\clayer">
      <UniqueIdentifier>{c8a527b5-8edf-4873-9f21-a781856d219f}</UniqueIdentifier>
    </Filter>
    <Filter Include="源文件\clayer">
      <UniqueIdentifier>{f63d8b92-2cf8-4327-95bb-0c70f19c8908}</UniqueIdentifier>
    </Filter>
    <Filter Include="头文件\clayer\encode-decode">
      <UniqueIdentifier>{010d28bd-fc02-4d90-8cee-052ee04b1c44}</UniqueIdentifier>
    </Filter>
    <Filter Include="头文件\clayer\netbase">
      <UniqueIdentifier>{404728b0-69d5-48de-9b79-81c08f3deb36}</UniqueIdentifier>
    </Filter>
    <Filter Include="源文件\clayer\encode-decode">
      <UniqueIdentifier>{3bf6d92f-06aa-4a83-913c-75f40000795a}</UniqueIdentifier>
    </Filter>
    <Filter Include="源文件\clayer\netbase">
      <UniqueIdentifier>{033fa79a-5a00-413e-9479-06a120035b1a}</UniqueIdentifier>
    </Filter>
    <Filter Include="头文件\su">
      <UniqueIdentifier>{b50f68cc-e5b2-476f-a9b7-dd86605ee586}</UniqueIdentifier>
    </Filter>
    <Filter Include="源文件\su">
      <UniqueIdentifier>{adb80f50-2dd0-4dfa-8e62-817328b794ca}</UniqueIdentifier>
    </Filter>
    <Filter Include="头文件\alayer">
      <UniqueIdentifier>{3fc67771-b3ae-4399-8fd6-2df0706305ea}</UniqueIdentifier>
    </Filter>
    <Filter Include="源文件\alayer">
      <UniqueIdentifier>{dcde1bf8-cafc-4d0e-bd24-29fd06cf7e03}</UniqueIdentifier>
    </Filter>
    <Filter Include="头文件\su\concurrency">
      <UniqueIdentifier>{daeaab34-a8b3-41cb-a077-3bb43aa3dad5}</UniqueIdentifier>
    </Filter>
    <Filter Include="源文件\su\concurrency">
      <UniqueIdentifier>{2789581a-6e1c-4f96-87f4-c61e7f51ae68}</UniqueIdentifier>
    </Filter>
  </ItemGroup>
  <ItemGroup>
    <ClCompile Include="config.cpp">
      <Filter>源文件\su</Filter>
    </ClCompile>
    <ClCompile Include="env.cpp">
      <Filter>源文件\su</Filter>
    </ClCompile>
    <ClCompile Include="Log.cpp">
      <Filter>源文件\su</Filter>
    </ClCompile>
    <ClCompile Include="utils.cpp">
      <Filter>源文件\su</Filter>
    </ClCompile>
    <ClCompile Include="Nano.cpp">
      <Filter>源文件</Filter>
    </ClCompile>
    <ClCompile Include="code.cpp">
      <Filter>源文件\clayer\encode-decode</Filter>
    </ClCompile>
    <ClCompile Include="packet.cpp">
      <Filter>源文件\clayer\netbase</Filter>
    </ClCompile>
    <ClCompile Include="session.cpp">
      <Filter>源文件\clayer\netbase</Filter>
    </ClCompile>
    <ClCompile Include="ceventhandler.cpp">
      <Filter>源文件\clayer\netbase</Filter>
    </ClCompile>
    <ClCompile Include="conacceptor.cpp">
      <Filter>源文件\clayer\netbase</Filter>
    </ClCompile>
    <ClCompile Include="ioServicePool.cpp">
      <Filter>源文件\clayer\netbase</Filter>
    </ClCompile>
    <ClCompile Include="BaseClient.cpp">
      <Filter>源文件\clayer\netbase</Filter>
    </ClCompile>
    <ClCompile Include="BaseServer.cpp">
      <Filter>源文件\clayer\netbase</Filter>
    </ClCompile>
    <ClCompile Include="sessionmanager.cpp">
      <Filter>源文件\clayer\netbase</Filter>
    </ClCompile>
    <ClCompile Include="rpcserver.cpp">
      <Filter>源文件\alayer</Filter>
    </ClCompile>
    <ClCompile Include="rpcclient.cpp">
      <Filter>源文件\alayer</Filter>
    </ClCompile>
    <ClCompile Include="rpcserverstub.cpp">
      <Filter>源文件\alayer</Filter>
    </ClCompile>
    <ClCompile Include="rpcclientstub.cpp">
      <Filter>源文件\alayer</Filter>
    </ClCompile>
    <ClCompile Include="mutex.cpp">
      <Filter>源文件\su\concurrency</Filter>
    </ClCompile>
    <ClCompile Include="threadpool.cpp">
      <Filter>源文件\su\concurrency</Filter>
    </ClCompile>
    <ClCompile Include="parrallenThreadPool.cpp">
      <Filter>源文件\su\concurrency</Filter>
    </ClCompile>
    <ClCompile Include="stealThreadPool.cpp">
      <Filter>源文件\su\concurrency</Filter>
    </ClCompile>
    <ClCompile Include="jrpcproto.cpp">
      <Filter>源文件\alayer</Filter>
    </ClCompile>
    <ClCompile Include="rpcservice.cpp">
      <Filter>源文件\alayer</Filter>
    </ClCompile>
  </ItemGroup>
  <ItemGroup>
    <ClInclude Include="config.h">
      <Filter>头文件\su</Filter>
    </ClInclude>
    <ClInclude Include="env.h">
      <Filter>头文件\su</Filter>
    </ClInclude>
    <ClInclude Include="Log.h">
      <Filter>头文件\su</Filter>
    </ClInclude>
    <ClInclude Include="nocopyable.h">
      <Filter>头文件\su</Filter>
    </ClInclude>
    <ClInclude Include="singleton.h">
      <Filter>头文件\su</Filter>
    </ClInclude>
    <ClInclude Include="utils.h">
      <Filter>头文件\su</Filter>
    </ClInclude>
    <ClInclude Include="code.h">
      <Filter>头文件\clayer\encode-decode</Filter>
    </ClInclude>
    <ClInclude Include="const.h">
      <Filter>头文件</Filter>
    </ClInclude>
    <ClInclude Include="packet.h">
      <Filter>头文件\clayer\netbase</Filter>
    </ClInclude>
    <ClInclude Include="session.h">
      <Filter>头文件\clayer\netbase</Filter>
    </ClInclude>
    <ClInclude Include="ceventhandler.h">
      <Filter>头文件\clayer\netbase</Filter>
    </ClInclude>
    <ClInclude Include="conacceptor.h">
      <Filter>头文件\clayer\netbase</Filter>
    </ClInclude>
    <ClInclude Include="ioServicePool.h">
      <Filter>头文件\clayer\netbase</Filter>
    </ClInclude>
    <ClInclude Include="BaseServer.h">
      <Filter>头文件\clayer\netbase</Filter>
    </ClInclude>
    <ClInclude Include="BaseClient.h">
      <Filter>头文件\clayer\netbase</Filter>
    </ClInclude>
    <ClInclude Include="sessionmanager.h">
      <Filter>头文件\clayer\netbase</Filter>
    </ClInclude>
    <ClInclude Include="Loginit.h">
      <Filter>头文件</Filter>
    </ClInclude>
    <ClInclude Include="rpcserver.h">
      <Filter>头文件\alayer</Filter>
    </ClInclude>
    <ClInclude Include="rpcclient.h">
      <Filter>头文件\alayer</Filter>
    </ClInclude>
    <ClInclude Include="rpcserverstub.h">
      <Filter>头文件\alayer</Filter>
    </ClInclude>
    <ClInclude Include="rpcclientstub.h">
      <Filter>头文件\alayer</Filter>
    </ClInclude>
    <ClInclude Include="concurrentqueue.h">
      <Filter>头文件\su\concurrency</Filter>
    </ClInclude>
    <ClInclude Include="threadpool.h">
      <Filter>头文件\su\concurrency</Filter>
    </ClInclude>
    <ClInclude Include="mutex.h">
      <Filter>头文件\su\concurrency</Filter>
    </ClInclude>
    <ClInclude Include="parrallenThreadPool.h">
      <Filter>头文件\su\concurrency</Filter>
    </ClInclude>
    <ClInclude Include="functionWrapper.h">
      <Filter>头文件\su\concurrency</Filter>
    </ClInclude>
    <ClInclude Include="jointhreads.h">
      <Filter>头文件\su\concurrency</Filter>
    </ClInclude>
    <ClInclude Include="stealThreadPool.h">
      <Filter>头文件\su\concurrency</Filter>
    </ClInclude>
    <ClInclude Include="rpcprocedure.h">
      <Filter>头文件\alayer</Filter>
    </ClInclude>
    <ClInclude Include="rpcexception.h">
      <Filter>头文件\alayer</Filter>
    </ClInclude>
    <ClInclude Include="jrpcproto.h">
      <Filter>头文件\alayer</Filter>
    </ClInclude>
    <ClInclude Include="rpcservice.h">
      <Filter>头文件\alayer</Filter>
    </ClInclude>
    <ClInclude Include="test.h">
      <Filter>头文件</Filter>
    </ClInclude>
  </ItemGroup>
</Project>